
Microsoft Visual Studio Solution File, Format Version 12.00
# Visual Studio 14
VisualStudioVersion = 14.0.25420.1
MinimumVisualStudioVersion = 10.0.40219.1
Project("{8BC9CEB8-8B4A-11D0-8D11-00A0C91BC942}") = "maze", "maze\maze.vcxproj", "{FBB22F17-4113-41C7-A95C-C4CB199AFEB8}"
EndProject
Project("{8BC9CEB8-8B4A-11D0-8D11-00A0C91BC942}") = "console_test", "console_test\console_test.vcxproj", "{1A6F6075-C14B-4843-9D40-3CD236A5195E}"
	ProjectSection(ProjectDependencies) = postProject
		{FBB22F17-4113-41C7-A95C-C4CB199AFEB8} = {FBB22F17-4113-41C7-A95C-C4CB199AFEB8}
	EndProjectSection
EndProject
Global
	GlobalSection(SolutionConfigurationPlatforms) = preSolution
		Debug|x64 = Debug|x64
		Debug|x86 = Debug|x86
		Release|x64 = Release|x64
		Release|x86 = Release|x86
	EndGlobalSection
	GlobalSection(ProjectConfigurationPlatforms) = postSolution
		{FBB22F17-4113-41C7-A95C-C4CB199AFEB8}.Debug|x64.ActiveCfg = Debug|x64
		{FBB22F17-4113-41C7-A95C-C4CB199AFEB8}.Debug|x64.Build.0 = Debug|x64
		{FBB22F17-4113-41C7-A95C-C4CB199AFEB8}.Debug|x86.ActiveCfg = Debug|Win32
		{FBB22F17-4113-41C7-A95C-C4CB199AFEB8}.Debug|x86.Build.0 = Debug|Win32
		{FBB22F17-4113-41C7-A95C-C4CB199AFEB8}.Release|x64.ActiveCfg = Release|x64
		{FBB22F17-4113-41C7-A95C-C4CB199AFEB8}.Release|x64.Build.0 = Release|x64
		{FBB22F17-4113-41C7-A95C-C4CB199AFEB8}.Release|x86.ActiveCfg = Release|Win32
		{FBB22F17-4113-41C7-A95C-C4CB199AFEB8}.Release|x86.Build.0 = Release|Win32
		{1A6F6075-C14B-4843-9D40-3CD236A5195E}.Debug|x64.ActiveCfg = Debug|x64
		{1A6F6075-C14B-4843-9D40-3CD236A5195E}.Debug|x64.Build.0 = Debug|x64
		{1A6F6075-C14B-4843-9D40-3CD236A5195E}.Debug|x86.ActiveCfg = Debug|Win32
		{1A6F6075-C14B-4843-9D40-3CD236A5195E}.Debug|x86.Build.0 = Debug|Win32
		{1A6F6075-C14B-4843-9D40-3CD236A5195E}.Release|x64.ActiveCfg = Release|x64
		{1A6F6075-C14B-4843-9D40-3CD236A5195E}.Release|x64.Build.0 = Release|x64
		{1A6F6075-C14B-4843-9D40-3CD236A5195E}.Release|x86.ActiveCfg = Release|Win32
		{1A6F6075-C14B-4843-9D40-3CD236A5195E}.Release|x86.Build.0 = Release|Win32
	EndGlobalSection
	GlobalSection(SolutionProperties) = preSolution
		HideSolutionNode = FALSE
	EndGlobalSection
EndGlobal
